<?xml version="1.0" encoding="utf-8"?>
<Project ToolsVersion="4.0" xmlns="http://schemas.microsoft.com/developer/msbuild/2003">
  <ItemGroup>
    <Filter Include="Running">
      <UniqueIdentifier>{264BD7C4-922A-5660-9B42-E13607A1BCC1}</UniqueIdentifier>
    </Filter>
    <Filter Include="Running\Events">
      <UniqueIdentifier>{4A309033-36FE-8339-1F92-F45F0BFF5F9E}</UniqueIdentifier>
    </Filter>
  </ItemGroup>
  <ItemGroup>
    <ClInclude Include="src\Running.h" />
    <ClInclude Include="src\Running\Application.h">
      <Filter>Running</Filter>
    </ClInclude>
    <ClInclude Include="src\Running\Core.h">
      <Filter>Running</Filter>
    </ClInclude>
    <ClInclude Include="src\Running\EntryPoint.h">
      <Filter>Running</Filter>
    </ClInclude>
    <ClInclude Include="src\Running\EnumBitwiseOperations.h">
      <Filter>Running</Filter>
    </ClInclude>
    <ClInclude Include="src\Running\Events\ApplicationEvent.h">
      <Filter>Running\Events</Filter>
    </ClInclude>
    <ClInclude Include="src\Running\Events\Event.h">
      <Filter>Running\Events</Filter>
    </ClInclude>
    <ClInclude Include="src\Running\Events\KeyEvent.h">
      <Filter>Running\Events</Filter>
    </ClInclude>
    <ClInclude Include="src\Running\Events\MouseEvent.h">
      <Filter>Running\Events</Filter>
    </ClInclude>
    <ClInclude Include="src\Running\Log.h">
      <Filter>Running</Filter>
    </ClInclude>
    <ClInclude Include="src\pch.h" />
  </ItemGroup>
  <ItemGroup>
    <ClCompile Include="src\Running\Application.cpp">
      <Filter>Running</Filter>
    </ClCompile>
    <ClCompile Include="src\Running\Log.cpp">
      <Filter>Running</Filter>
    </ClCompile>
    <ClCompile Include="src\pch.cpp" />
  </ItemGroup>
</Project>